
Microsoft Visual Studio Solution File, Format Version 12.00
# Visual Studio Version 16
VisualStudioVersion = 16.0.29911.84
MinimumVisualStudioVersion = 10.0.40219.1
Project("{D954291E-2A0B-460D-934E-DC6B0785DB48}") = "UnoCountries.Shared", "UnoCountries\UnoCountries.Shared\UnoCountries.Shared.shproj", "{6279C845-92F8-4333-AB99-3D213163593C}"
EndProject
Project("{FAE04EC0-301F-11D3-BF4B-00C04F79EFBC}") = "UnoCountries.Droid", "UnoCountries\UnoCountries.Droid\UnoCountries.Droid.csproj", "{E744E42E-7561-4605-8A30-D63B589B4733}"
EndProject
Project("{FAE04EC0-301F-11D3-BF4B-00C04F79EFBC}") = "UnoCountries.UWP", "UnoCountries\UnoCountries.UWP\UnoCountries.UWP.csproj", "{A61F4AA7-0FCA-447B-B03F-A27C5EFBB64C}"
EndProject
Project("{9A19103F-16F7-4668-BE54-9A1E7A4F7556}") = "UnoCountries.Wasm", "UnoCountries\UnoCountries.Wasm\UnoCountries.Wasm.csproj", "{013BC0A5-4228-4F19-A1AA-13763DDDECC1}"
EndProject
Global
	GlobalSection(SharedMSBuildProjectFiles) = preSolution
		UnoCountries\UnoCountries.Shared\UnoCountries.Shared.projitems*{013bc0a5-4228-4f19-a1aa-13763dddecc1}*SharedItemsImports = 5
		UnoCountries\UnoCountries.Shared\UnoCountries.Shared.projitems*{6279c845-92f8-4333-ab99-3d213163593c}*SharedItemsImports = 13
		UnoCountries\UnoCountries.Shared\UnoCountries.Shared.projitems*{a61f4aa7-0fca-447b-b03f-a27c5efbb64c}*SharedItemsImports = 4
		UnoCountries\UnoCountries.Shared\UnoCountries.Shared.projitems*{e744e42e-7561-4605-8a30-d63b589b4733}*SharedItemsImports = 4
	EndGlobalSection
	GlobalSection(SolutionConfigurationPlatforms) = preSolution
		Ad-Hoc|Any CPU = Ad-Hoc|Any CPU
		Ad-Hoc|ARM = Ad-Hoc|ARM
		Ad-Hoc|iPhone = Ad-Hoc|iPhone
		Ad-Hoc|iPhoneSimulator = Ad-Hoc|iPhoneSimulator
		Ad-Hoc|x64 = Ad-Hoc|x64
		Ad-Hoc|x86 = Ad-Hoc|x86
		AppStore|Any CPU = AppStore|Any CPU
		AppStore|ARM = AppStore|ARM
		AppStore|iPhone = AppStore|iPhone
		AppStore|iPhoneSimulator = AppStore|iPhoneSimulator
		AppStore|x64 = AppStore|x64
		AppStore|x86 = AppStore|x86
		Debug|Any CPU = Debug|Any CPU
		Debug|ARM = Debug|ARM
		Debug|iPhone = Debug|iPhone
		Debug|iPhoneSimulator = Debug|iPhoneSimulator
		Debug|x64 = Debug|x64
		Debug|x86 = Debug|x86
		Release|Any CPU = Release|Any CPU
		Release|ARM = Release|ARM
		Release|iPhone = Release|iPhone
		Release|iPhoneSimulator = Release|iPhoneSimulator
		Release|x64 = Release|x64
		Release|x86 = Release|x86
	EndGlobalSection
	GlobalSection(ProjectConfigurationPlatforms) = postSolution
		{E744E42E-7561-4605-8A30-D63B589B4733}.Ad-Hoc|Any CPU.ActiveCfg = Release|Any CPU
		{E744E42E-7561-4605-8A30-D63B589B4733}.Ad-Hoc|Any CPU.Build.0 = Release|Any CPU
		{E744E42E-7561-4605-8A30-D63B589B4733}.Ad-Hoc|Any CPU.Deploy.0 = Release|Any CPU
		{E744E42E-7561-4605-8A30-D63B589B4733}.Ad-Hoc|ARM.ActiveCfg = Release|Any CPU
		{E744E42E-7561-4605-8A30-D63B589B4733}.Ad-Hoc|ARM.Build.0 = Release|Any CPU
		{E744E42E-7561-4605-8A30-D63B589B4733}.Ad-Hoc|ARM.Deploy.0 = Release|Any CPU
		{E744E42E-7561-4605-8A30-D63B589B4733}.Ad-Hoc|iPhone.ActiveCfg = Release|Any CPU
		{E744E42E-7561-4605-8A30-D63B589B4733}.Ad-Hoc|iPhone.Build.0 = Release|Any CPU
		{E744E42E-7561-4605-8A30-D63B589B4733}.Ad-Hoc|iPhone.Deploy.0 = Release|Any CPU
		{E744E42E-7561-4605-8A30-D63B589B4733}.Ad-Hoc|iPhoneSimulator.ActiveCfg = Release|Any CPU
		{E744E42E-7561-4605-8A30-D63B589B4733}.Ad-Hoc|iPhoneSimulator.Build.0 = Release|Any CPU
		{E744E42E-7561-4605-8A30-D63B589B4733}.Ad-Hoc|iPhoneSimulator.Deploy.0 = Release|Any CPU
		{E744E42E-7561-4605-8A30-D63B589B4733}.Ad-Hoc|x64.ActiveCfg = Release|Any CPU
		{E744E42E-7561-4605-8A30-D63B589B4733}.Ad-Hoc|x64.Build.0 = Release|Any CPU
		{E744E42E-7561-4605-8A30-D63B589B4733}.Ad-Hoc|x64.Deploy.0 = Release|Any CPU
		{E744E42E-7561-4605-8A30-D63B589B4733}.Ad-Hoc|x86.ActiveCfg = Release|Any CPU
		{E744E42E-7561-4605-8A30-D63B589B4733}.Ad-Hoc|x86.Build.0 = Release|Any CPU
		{E744E42E-7561-4605-8A30-D63B589B4733}.Ad-Hoc|x86.Deploy.0 = Release|Any CPU
		{E744E42E-7561-4605-8A30-D63B589B4733}.AppStore|Any CPU.ActiveCfg = Release|Any CPU
		{E744E42E-7561-4605-8A30-D63B589B4733}.AppStore|Any CPU.Build.0 = Release|Any CPU
		{E744E42E-7561-4605-8A30-D63B589B4733}.AppStore|Any CPU.Deploy.0 = Release|Any CPU
		{E744E42E-7561-4605-8A30-D63B589B4733}.AppStore|ARM.ActiveCfg = Release|Any CPU
		{E744E42E-7561-4605-8A30-D63B589B4733}.AppStore|ARM.Build.0 = Release|Any CPU
		{E744E42E-7561-4605-8A30-D63B589B4733}.AppStore|ARM.Deploy.0 = Release|Any CPU
		{E744E42E-7561-4605-8A30-D63B589B4733}.AppStore|iPhone.ActiveCfg = Release|Any CPU
		{E744E42E-7561-4605-8A30-D63B589B4733}.AppStore|iPhone.Build.0 = Release|Any CPU
		{E744E42E-7561-4605-8A30-D63B589B4733}.AppStore|iPhone.Deploy.0 = Release|Any CPU
		{E744E42E-7561-4605-8A30-D63B589B4733}.AppStore|iPhoneSimulator.ActiveCfg = Release|Any CPU
		{E744E42E-7561-4605-8A30-D63B589B4733}.AppStore|iPhoneSimulator.Build.0 = Release|Any CPU
		{E744E42E-7561-4605-8A30-D63B589B4733}.AppStore|iPhoneSimulator.Deploy.0 = Release|Any CPU
		{E744E42E-7561-4605-8A30-D63B589B4733}.AppStore|x64.ActiveCfg = Release|Any CPU
		{E744E42E-7561-4605-8A30-D63B589B4733}.AppStore|x64.Build.0 = Release|Any CPU
		{E744E42E-7561-4605-8A30-D63B589B4733}.AppStore|x64.Deploy.0 = Release|Any CPU
		{E744E42E-7561-4605-8A30-D63B589B4733}.AppStore|x86.ActiveCfg = Release|Any CPU
		{E744E42E-7561-4605-8A30-D63B589B4733}.AppStore|x86.Build.0 = Release|Any CPU
		{E744E42E-7561-4605-8A30-D63B589B4733}.AppStore|x86.Deploy.0 = Release|Any CPU
		{E744E42E-7561-4605-8A30-D63B589B4733}.Debug|Any CPU.ActiveCfg = Debug|Any CPU
		{E744E42E-7561-4605-8A30-D63B589B4733}.Debug|Any CPU.Build.0 = Debug|Any CPU
		{E744E42E-7561-4605-8A30-D63B589B4733}.Debug|Any CPU.Deploy.0 = Debug|Any CPU
		{E744E42E-7561-4605-8A30-D63B589B4733}.Debug|ARM.ActiveCfg = Debug|Any CPU
		{E744E42E-7561-4605-8A30-D63B589B4733}.Debug|ARM.Build.0 = Debug|Any CPU
		{E744E42E-7561-4605-8A30-D63B589B4733}.Debug|ARM.Deploy.0 = Debug|Any CPU
		{E744E42E-7561-4605-8A30-D63B589B4733}.Debug|iPhone.ActiveCfg = Debug|Any CPU
		{E744E42E-7561-4605-8A30-D63B589B4733}.Debug|iPhone.Build.0 = Debug|Any CPU
		{E744E42E-7561-4605-8A30-D63B589B4733}.Debug|iPhone.Deploy.0 = Debug|Any CPU
		{E744E42E-7561-4605-8A30-D63B589B4733}.Debug|iPhoneSimulator.ActiveCfg = Debug|Any CPU
		{E744E42E-7561-4605-8A30-D63B589B4733}.Debug|iPhoneSimulator.Build.0 = Debug|Any CPU
		{E744E42E-7561-4605-8A30-D63B589B4733}.Debug|iPhoneSimulator.Deploy.0 = Debug|Any CPU
		{E744E42E-7561-4605-8A30-D63B589B4733}.Debug|x64.ActiveCfg = Debug|Any CPU
		{E744E42E-7561-4605-8A30-D63B589B4733}.Debug|x64.Build.0 = Debug|Any CPU
		{E744E42E-7561-4605-8A30-D63B589B4733}.Debug|x64.Deploy.0 = Debug|Any CPU
		{E744E42E-7561-4605-8A30-D63B589B4733}.Debug|x86.ActiveCfg = Debug|Any CPU
		{E744E42E-7561-4605-8A30-D63B589B4733}.Debug|x86.Build.0 = Debug|Any CPU
		{E744E42E-7561-4605-8A30-D63B589B4733}.Debug|x86.Deploy.0 = Debug|Any CPU
		{E744E42E-7561-4605-8A30-D63B589B4733}.Release|Any CPU.ActiveCfg = Release|Any CPU
		{E744E42E-7561-4605-8A30-D63B589B4733}.Release|Any CPU.Build.0 = Release|Any CPU
		{E744E42E-7561-4605-8A30-D63B589B4733}.Release|Any CPU.Deploy.0 = Release|Any CPU
		{E744E42E-7561-4605-8A30-D63B589B4733}.Release|ARM.ActiveCfg = Release|Any CPU
		{E744E42E-7561-4605-8A30-D63B589B4733}.Release|ARM.Build.0 = Release|Any CPU
		{E744E42E-7561-4605-8A30-D63B589B4733}.Release|ARM.Deploy.0 = Release|Any CPU
		{E744E42E-7561-4605-8A30-D63B589B4733}.Release|iPhone.ActiveCfg = Release|Any CPU
		{E744E42E-7561-4605-8A30-D63B589B4733}.Release|iPhone.Build.0 = Release|Any CPU
		{E744E42E-7561-4605-8A30-D63B589B4733}.Release|iPhone.Deploy.0 = Release|Any CPU
		{E744E42E-7561-4605-8A30-D63B589B4733}.Release|iPhoneSimulator.ActiveCfg = Release|Any CPU
		{E744E42E-7561-4605-8A30-D63B589B4733}.Release|iPhoneSimulator.Build.0 = Release|Any CPU
		{E744E42E-7561-4605-8A30-D63B589B4733}.Release|iPhoneSimulator.Deploy.0 = Release|Any CPU
		{E744E42E-7561-4605-8A30-D63B589B4733}.Release|x64.ActiveCfg = Release|Any CPU
		{E744E42E-7561-4605-8A30-D63B589B4733}.Release|x64.Build.0 = Release|Any CPU
		{E744E42E-7561-4605-8A30-D63B589B4733}.Release|x64.Deploy.0 = Release|Any CPU
		{E744E42E-7561-4605-8A30-D63B589B4733}.Release|x86.ActiveCfg = Release|Any CPU
		{E744E42E-7561-4605-8A30-D63B589B4733}.Release|x86.Build.0 = Release|Any CPU
		{E744E42E-7561-4605-8A30-D63B589B4733}.Release|x86.Deploy.0 = Release|Any CPU
		{A61F4AA7-0FCA-447B-B03F-A27C5EFBB64C}.Ad-Hoc|Any CPU.ActiveCfg = Release|x64
		{A61F4AA7-0FCA-447B-B03F-A27C5EFBB64C}.Ad-Hoc|Any CPU.Build.0 = Release|x64
		{A61F4AA7-0FCA-447B-B03F-A27C5EFBB64C}.Ad-Hoc|Any CPU.Deploy.0 = Release|x64
		{A61F4AA7-0FCA-447B-B03F-A27C5EFBB64C}.Ad-Hoc|ARM.ActiveCfg = Release|ARM
		{A61F4AA7-0FCA-447B-B03F-A27C5EFBB64C}.Ad-Hoc|ARM.Build.0 = Release|ARM
		{A61F4AA7-0FCA-447B-B03F-A27C5EFBB64C}.Ad-Hoc|ARM.Deploy.0 = Release|ARM
		{A61F4AA7-0FCA-447B-B03F-A27C5EFBB64C}.Ad-Hoc|iPhone.ActiveCfg = Release|x64
		{A61F4AA7-0FCA-447B-B03F-A27C5EFBB64C}.Ad-Hoc|iPhone.Build.0 = Release|x64
		{A61F4AA7-0FCA-447B-B03F-A27C5EFBB64C}.Ad-Hoc|iPhone.Deploy.0 = Release|x64
		{A61F4AA7-0FCA-447B-B03F-A27C5EFBB64C}.Ad-Hoc|iPhoneSimulator.ActiveCfg = Release|x64
		{A61F4AA7-0FCA-447B-B03F-A27C5EFBB64C}.Ad-Hoc|iPhoneSimulator.Build.0 = Release|x64
		{A61F4AA7-0FCA-447B-B03F-A27C5EFBB64C}.Ad-Hoc|iPhoneSimulator.Deploy.0 = Release|x64
		{A61F4AA7-0FCA-447B-B03F-A27C5EFBB64C}.Ad-Hoc|x64.ActiveCfg = Release|x64
		{A61F4AA7-0FCA-447B-B03F-A27C5EFBB64C}.Ad-Hoc|x64.Build.0 = Release|x64
		{A61F4AA7-0FCA-447B-B03F-A27C5EFBB64C}.Ad-Hoc|x64.Deploy.0 = Release|x64
		{A61F4AA7-0FCA-447B-B03F-A27C5EFBB64C}.Ad-Hoc|x86.ActiveCfg = Release|x86
		{A61F4AA7-0FCA-447B-B03F-A27C5EFBB64C}.Ad-Hoc|x86.Build.0 = Release|x86
		{A61F4AA7-0FCA-447B-B03F-A27C5EFBB64C}.Ad-Hoc|x86.Deploy.0 = Release|x86
		{A61F4AA7-0FCA-447B-B03F-A27C5EFBB64C}.AppStore|Any CPU.ActiveCfg = Release|x64
		{A61F4AA7-0FCA-447B-B03F-A27C5EFBB64C}.AppStore|Any CPU.Build.0 = Release|x64
		{A61F4AA7-0FCA-447B-B03F-A27C5EFBB64C}.AppStore|Any CPU.Deploy.0 = Release|x64
		{A61F4AA7-0FCA-447B-B03F-A27C5EFBB64C}.AppStore|ARM.ActiveCfg = Release|ARM
		{A61F4AA7-0FCA-447B-B03F-A27C5EFBB64C}.AppStore|ARM.Build.0 = Release|ARM
		{A61F4AA7-0FCA-447B-B03F-A27C5EFBB64C}.AppStore|ARM.Deploy.0 = Release|ARM
		{A61F4AA7-0FCA-447B-B03F-A27C5EFBB64C}.AppStore|iPhone.ActiveCfg = Release|x64
		{A61F4AA7-0FCA-447B-B03F-A27C5EFBB64C}.AppStore|iPhone.Build.0 = Release|x64
		{A61F4AA7-0FCA-447B-B03F-A27C5EFBB64C}.AppStore|iPhone.Deploy.0 = Release|x64
		{A61F4AA7-0FCA-447B-B03F-A27C5EFBB64C}.AppStore|iPhoneSimulator.ActiveCfg = Release|x64
		{A61F4AA7-0FCA-447B-B03F-A27C5EFBB64C}.AppStore|iPhoneSimulator.Build.0 = Release|x64
		{A61F4AA7-0FCA-447B-B03F-A27C5EFBB64C}.AppStore|iPhoneSimulator.Deploy.0 = Release|x64
		{A61F4AA7-0FCA-447B-B03F-A27C5EFBB64C}.AppStore|x64.ActiveCfg = Release|x64
		{A61F4AA7-0FCA-447B-B03F-A27C5EFBB64C}.AppStore|x64.Build.0 = Release|x64
		{A61F4AA7-0FCA-447B-B03F-A27C5EFBB64C}.AppStore|x64.Deploy.0 = Release|x64
		{A61F4AA7-0FCA-447B-B03F-A27C5EFBB64C}.AppStore|x86.ActiveCfg = Release|x86
		{A61F4AA7-0FCA-447B-B03F-A27C5EFBB64C}.AppStore|x86.Build.0 = Release|x86
		{A61F4AA7-0FCA-447B-B03F-A27C5EFBB64C}.AppStore|x86.Deploy.0 = Release|x86
		{A61F4AA7-0FCA-447B-B03F-A27C5EFBB64C}.Debug|Any CPU.ActiveCfg = Debug|x86
		{A61F4AA7-0FCA-447B-B03F-A27C5EFBB64C}.Debug|ARM.ActiveCfg = Debug|ARM
		{A61F4AA7-0FCA-447B-B03F-A27C5EFBB64C}.Debug|ARM.Build.0 = Debug|ARM
		{A61F4AA7-0FCA-447B-B03F-A27C5EFBB64C}.Debug|ARM.Deploy.0 = Debug|ARM
		{A61F4AA7-0FCA-447B-B03F-A27C5EFBB64C}.Debug|iPhone.ActiveCfg = Debug|x86
		{A61F4AA7-0FCA-447B-B03F-A27C5EFBB64C}.Debug|iPhoneSimulator.ActiveCfg = Debug|x86
		{A61F4AA7-0FCA-447B-B03F-A27C5EFBB64C}.Debug|x64.ActiveCfg = Debug|x64
		{A61F4AA7-0FCA-447B-B03F-A27C5EFBB64C}.Debug|x64.Build.0 = Debug|x64
		{A61F4AA7-0FCA-447B-B03F-A27C5EFBB64C}.Debug|x64.Deploy.0 = Debug|x64
		{A61F4AA7-0FCA-447B-B03F-A27C5EFBB64C}.Debug|x86.ActiveCfg = Debug|x86
		{A61F4AA7-0FCA-447B-B03F-A27C5EFBB64C}.Debug|x86.Build.0 = Debug|x86
		{A61F4AA7-0FCA-447B-B03F-A27C5EFBB64C}.Debug|x86.Deploy.0 = Debug|x86
		{A61F4AA7-0FCA-447B-B03F-A27C5EFBB64C}.Release|Any CPU.ActiveCfg = Release|x86
		{A61F4AA7-0FCA-447B-B03F-A27C5EFBB64C}.Release|ARM.ActiveCfg = Release|ARM
		{A61F4AA7-0FCA-447B-B03F-A27C5EFBB64C}.Release|ARM.Build.0 = Release|ARM
		{A61F4AA7-0FCA-447B-B03F-A27C5EFBB64C}.Release|ARM.Deploy.0 = Release|ARM
		{A61F4AA7-0FCA-447B-B03F-A27C5EFBB64C}.Release|iPhone.ActiveCfg = Release|x86
		{A61F4AA7-0FCA-447B-B03F-A27C5EFBB64C}.Release|iPhoneSimulator.ActiveCfg = Release|x86
		{A61F4AA7-0FCA-447B-B03F-A27C5EFBB64C}.Release|x64.ActiveCfg = Release|x64
		{A61F4AA7-0FCA-447B-B03F-A27C5EFBB64C}.Release|x64.Build.0 = Release|x64
		{A61F4AA7-0FCA-447B-B03F-A27C5EFBB64C}.Release|x64.Deploy.0 = Release|x64
		{A61F4AA7-0FCA-447B-B03F-A27C5EFBB64C}.Release|x86.ActiveCfg = Release|x86
		{A61F4AA7-0FCA-447B-B03F-A27C5EFBB64C}.Release|x86.Build.0 = Release|x86
		{A61F4AA7-0FCA-447B-B03F-A27C5EFBB64C}.Release|x86.Deploy.0 = Release|x86
		{013BC0A5-4228-4F19-A1AA-13763DDDECC1}.Ad-Hoc|Any CPU.ActiveCfg = Debug|Any CPU
		{013BC0A5-4228-4F19-A1AA-13763DDDECC1}.Ad-Hoc|Any CPU.Build.0 = Debug|Any CPU
		{013BC0A5-4228-4F19-A1AA-13763DDDECC1}.Ad-Hoc|ARM.ActiveCfg = Debug|Any CPU
		{013BC0A5-4228-4F19-A1AA-13763DDDECC1}.Ad-Hoc|ARM.Build.0 = Debug|Any CPU
		{013BC0A5-4228-4F19-A1AA-13763DDDECC1}.Ad-Hoc|iPhone.ActiveCfg = Debug|Any CPU
		{013BC0A5-4228-4F19-A1AA-13763DDDECC1}.Ad-Hoc|iPhone.Build.0 = Debug|Any CPU
		{013BC0A5-4228-4F19-A1AA-13763DDDECC1}.Ad-Hoc|iPhoneSimulator.ActiveCfg = Debug|Any CPU
		{013BC0A5-4228-4F19-A1AA-13763DDDECC1}.Ad-Hoc|iPhoneSimulator.Build.0 = Debug|Any CPU
		{013BC0A5-4228-4F19-A1AA-13763DDDECC1}.Ad-Hoc|x64.ActiveCfg = Debug|Any CPU
		{013BC0A5-4228-4F19-A1AA-13763DDDECC1}.Ad-Hoc|x64.Build.0 = Debug|Any CPU
		{013BC0A5-4228-4F19-A1AA-13763DDDECC1}.Ad-Hoc|x86.ActiveCfg = Debug|Any CPU
		{013BC0A5-4228-4F19-A1AA-13763DDDECC1}.Ad-Hoc|x86.Build.0 = Debug|Any CPU
		{013BC0A5-4228-4F19-A1AA-13763DDDECC1}.AppStore|Any CPU.ActiveCfg = Debug|Any CPU
		{013BC0A5-4228-4F19-A1AA-13763DDDECC1}.AppStore|Any CPU.Build.0 = Debug|Any CPU
		{013BC0A5-4228-4F19-A1AA-13763DDDECC1}.AppStore|ARM.ActiveCfg = Debug|Any CPU
		{013BC0A5-4228-4F19-A1AA-13763DDDECC1}.AppStore|ARM.Build.0 = Debug|Any CPU
		{013BC0A5-4228-4F19-A1AA-13763DDDECC1}.AppStore|iPhone.ActiveCfg = Debug|Any CPU
		{013BC0A5-4228-4F19-A1AA-13763DDDECC1}.AppStore|iPhone.Build.0 = Debug|Any CPU
		{013BC0A5-4228-4F19-A1AA-13763DDDECC1}.AppStore|iPhoneSimulator.ActiveCfg = Debug|Any CPU
		{013BC0A5-4228-4F19-A1AA-13763DDDECC1}.AppStore|iPhoneSimulator.Build.0 = Debug|Any CPU
		{013BC0A5-4228-4F19-A1AA-13763DDDECC1}.AppStore|x64.ActiveCfg = Debug|Any CPU
		{013BC0A5-4228-4F19-A1AA-13763DDDECC1}.AppStore|x64.Build.0 = Debug|Any CPU
		{013BC0A5-4228-4F19-A1AA-13763DDDECC1}.AppStore|x86.ActiveCfg = Debug|Any CPU
		{013BC0A5-4228-4F19-A1AA-13763DDDECC1}.AppStore|x86.Build.0 = Debug|Any CPU
		{013BC0A5-4228-4F19-A1AA-13763DDDECC1}.Debug|Any CPU.ActiveCfg = Debug|Any CPU
		{013BC0A5-4228-4F19-A1AA-13763DDDECC1}.Debug|Any CPU.Build.0 = Debug|Any CPU
		{013BC0A5-4228-4F19-A1AA-13763DDDECC1}.Debug|ARM.ActiveCfg = Debug|Any CPU
		{013BC0A5-4228-4F19-A1AA-13763DDDECC1}.Debug|ARM.Build.0 = Debug|Any CPU
		{013BC0A5-4228-4F19-A1AA-13763DDDECC1}.Debug|iPhone.ActiveCfg = Debug|Any CPU
		{013BC0A5-4228-4F19-A1AA-13763DDDECC1}.Debug|iPhone.Build.0 = Debug|Any CPU
		{013BC0A5-4228-4F19-A1AA-13763DDDECC1}.Debug|iPhoneSimulator.ActiveCfg = Debug|Any CPU
		{013BC0A5-4228-4F19-A1AA-13763DDDECC1}.Debug|iPhoneSimulator.Build.0 = Debug|Any CPU
		{013BC0A5-4228-4F19-A1AA-13763DDDECC1}.Debug|x64.ActiveCfg = Debug|Any CPU
		{013BC0A5-4228-4F19-A1AA-13763DDDECC1}.Debug|x64.Build.0 = Debug|Any CPU
		{013BC0A5-4228-4F19-A1AA-13763DDDECC1}.Debug|x86.ActiveCfg = Debug|Any CPU
		{013BC0A5-4228-4F19-A1AA-13763DDDECC1}.Debug|x86.Build.0 = Debug|Any CPU
		{013BC0A5-4228-4F19-A1AA-13763DDDECC1}.Release|Any CPU.ActiveCfg = Release|Any CPU
		{013BC0A5-4228-4F19-A1AA-13763DDDECC1}.Release|Any CPU.Build.0 = Release|Any CPU
		{013BC0A5-4228-4F19-A1AA-13763DDDECC1}.Release|ARM.ActiveCfg = Release|Any CPU
		{013BC0A5-4228-4F19-A1AA-13763DDDECC1}.Release|ARM.Build.0 = Release|Any CPU
		{013BC0A5-4228-4F19-A1AA-13763DDDECC1}.Release|iPhone.ActiveCfg = Release|Any CPU
		{013BC0A5-4228-4F19-A1AA-13763DDDECC1}.Release|iPhone.Build.0 = Release|Any CPU
		{013BC0A5-4228-4F19-A1AA-13763DDDECC1}.Release|iPhoneSimulator.ActiveCfg = Release|Any CPU
		{013BC0A5-4228-4F19-A1AA-13763DDDECC1}.Release|iPhoneSimulator.Build.0 = Release|Any CPU
		{013BC0A5-4228-4F19-A1AA-13763DDDECC1}.Release|x64.ActiveCfg = Release|Any CPU
		{013BC0A5-4228-4F19-A1AA-13763DDDECC1}.Release|x64.Build.0 = Release|Any CPU
		{013BC0A5-4228-4F19-A1AA-13763DDDECC1}.Release|x86.ActiveCfg = Release|Any CPU
		{013BC0A5-4228-4F19-A1AA-13763DDDECC1}.Release|x86.Build.0 = Release|Any CPU
	EndGlobalSection
	GlobalSection(SolutionProperties) = preSolution
		HideSolutionNode = FALSE
	EndGlobalSection
	GlobalSection(ExtensibilityGlobals) = postSolution
		SolutionGuid = {31EFFE00-E7DA-4016-BEF0-DDE8342A19EF}
	EndGlobalSection
EndGlobal
